// !$*UTF8*$!
{
	archiveVersion = 1;
	classes = {
	};
	objectVersion = 55;
	objects = {

/* Begin PBXBuildFile section */
		320593D52722FF120058529E /* AppDelegate.swift in Sources */ = {isa = PBXBuildFile; fileRef = 320593D42722FF120058529E /* AppDelegate.swift */; };
		320593D72722FF120058529E /* SceneDelegate.swift in Sources */ = {isa = PBXBuildFile; fileRef = 320593D62722FF120058529E /* SceneDelegate.swift */; };
		320593DE2722FF140058529E /* Assets.xcassets in Resources */ = {isa = PBXBuildFile; fileRef = 320593DD2722FF140058529E /* Assets.xcassets */; };
		320593E12722FF140058529E /* LaunchScreen.storyboard in Resources */ = {isa = PBXBuildFile; fileRef = 320593DF2722FF140058529E /* LaunchScreen.storyboard */; };
		320593EC2722FF140058529E /* flickrTests.swift in Sources */ = {isa = PBXBuildFile; fileRef = 320593EB2722FF140058529E /* flickrTests.swift */; };
		320593F62722FF140058529E /* flickrUITests.swift in Sources */ = {isa = PBXBuildFile; fileRef = 320593F52722FF140058529E /* flickrUITests.swift */; };
		320593F82722FF140058529E /* flickrUITestsLaunchTests.swift in Sources */ = {isa = PBXBuildFile; fileRef = 320593F72722FF140058529E /* flickrUITestsLaunchTests.swift */; };
		320594062723E86F0058529E /* Coordinator.swift in Sources */ = {isa = PBXBuildFile; fileRef = 320594052723E86F0058529E /* Coordinator.swift */; };
		320594082723E88A0058529E /* MainCoordinator.swift in Sources */ = {isa = PBXBuildFile; fileRef = 320594072723E88A0058529E /* MainCoordinator.swift */; };
		3205940B2723E9370058529E /* ImageSearch.swift in Sources */ = {isa = PBXBuildFile; fileRef = 3205940A2723E9370058529E /* ImageSearch.swift */; };
		3205940D2723EE4D0058529E /* ImageSearchViewController.swift in Sources */ = {isa = PBXBuildFile; fileRef = 3205940C2723EE4D0058529E /* ImageSearchViewController.swift */; };
		320594102723F2DF0058529E /* EndPoint.swift in Sources */ = {isa = PBXBuildFile; fileRef = 3205940F2723F2DF0058529E /* EndPoint.swift */; };
		320594142724025C0058529E /* URLComponents.swift in Sources */ = {isa = PBXBuildFile; fileRef = 320594132724025C0058529E /* URLComponents.swift */; };
		32059416272403AF0058529E /* Constants.swift in Sources */ = {isa = PBXBuildFile; fileRef = 32059415272403AF0058529E /* Constants.swift */; };
		320594182724052D0058529E /* DataProvider.swift in Sources */ = {isa = PBXBuildFile; fileRef = 320594172724052D0058529E /* DataProvider.swift */; };
		3205941A2724055C0058529E /* NetworkAgent.swift in Sources */ = {isa = PBXBuildFile; fileRef = 320594192724055C0058529E /* NetworkAgent.swift */; };
		3205941C272405910058529E /* Service.swift in Sources */ = {isa = PBXBuildFile; fileRef = 3205941B272405910058529E /* Service.swift */; };
		3205941E272405AA0058529E /* ServiceFactory.swift in Sources */ = {isa = PBXBuildFile; fileRef = 3205941D272405AA0058529E /* ServiceFactory.swift */; };
		320594202724061E0058529E /* FlickrSearchUseCase.swift in Sources */ = {isa = PBXBuildFile; fileRef = 3205941F2724061E0058529E /* FlickrSearchUseCase.swift */; };
		320594232724083C0058529E /* SearchResultsDTO.swift in Sources */ = {isa = PBXBuildFile; fileRef = 320594222724083C0058529E /* SearchResultsDTO.swift */; };
		32059426272416370058529E /* BindableType.swift in Sources */ = {isa = PBXBuildFile; fileRef = 32059425272416370058529E /* BindableType.swift */; };
		32059428272417120058529E /* BaseViewController.swift in Sources */ = {isa = PBXBuildFile; fileRef = 32059427272417120058529E /* BaseViewController.swift */; };
		3205942A272417560058529E /* ImageSearchViewModel.swift in Sources */ = {isa = PBXBuildFile; fileRef = 32059429272417560058529E /* ImageSearchViewModel.swift */; };
		326EDD3F272439BF0036F791 /* EndPointTests.swift in Sources */ = {isa = PBXBuildFile; fileRef = 326EDD3E272439BF0036F791 /* EndPointTests.swift */; };
		326EDD4127243EC90036F791 /* ServiceFactoryTests.swift in Sources */ = {isa = PBXBuildFile; fileRef = 326EDD4027243EC90036F791 /* ServiceFactoryTests.swift */; };
		326EDD4627243FCD0036F791 /* NetworkAgentTests.swift in Sources */ = {isa = PBXBuildFile; fileRef = 326EDD4527243FCD0036F791 /* NetworkAgentTests.swift */; };
		326EDD48272441CF0036F791 /* TestURLProtocol.swift in Sources */ = {isa = PBXBuildFile; fileRef = 326EDD47272441CF0036F791 /* TestURLProtocol.swift */; };
		326EDD4A2724427A0036F791 /* FlickrSearchUseCaseTests.swift in Sources */ = {isa = PBXBuildFile; fileRef = 326EDD492724427A0036F791 /* FlickrSearchUseCaseTests.swift */; };
		326EDD4C2724434B0036F791 /* MockNetworkAgent.swift in Sources */ = {isa = PBXBuildFile; fileRef = 326EDD4B2724434B0036F791 /* MockNetworkAgent.swift */; };
		326EDD4F2724438C0036F791 /* JsonUtils.swift in Sources */ = {isa = PBXBuildFile; fileRef = 326EDD4E2724438C0036F791 /* JsonUtils.swift */; };
		326EDD52272443D10036F791 /* TestResponse in Resources */ = {isa = PBXBuildFile; fileRef = 326EDD51272443D10036F791 /* TestResponse */; };
		326EDD552724457E0036F791 /* JsonUtilsTests.swift in Sources */ = {isa = PBXBuildFile; fileRef = 326EDD542724457E0036F791 /* JsonUtilsTests.swift */; };
		5366AD779F08D0CC23CC512F /* Pods_flickrTests.framework in Frameworks */ = {isa = PBXBuildFile; fileRef = 415EE565921125577373CF91 /* Pods_flickrTests.framework */; };
		6BA2B4C9A7A34C90402CDCFA /* Pods_flickr_flickrUITests.framework in Frameworks */ = {isa = PBXBuildFile; fileRef = 668513193A35BF9F5F4B4B76 /* Pods_flickr_flickrUITests.framework */; };
		CE63DE560A82D8CE042F3451 /* Pods_flickr.framework in Frameworks */ = {isa = PBXBuildFile; fileRef = A97BF8958793EC7D0302B572 /* Pods_flickr.framework */; };
/* End PBXBuildFile section */

/* Begin PBXContainerItemProxy section */
		320593E82722FF140058529E /* PBXContainerItemProxy */ = {
			isa = PBXContainerItemProxy;
			containerPortal = 320593C92722FF120058529E /* Project object */;
			proxyType = 1;
			remoteGlobalIDString = 320593D02722FF120058529E;
			remoteInfo = flickr;
		};
		320593F22722FF140058529E /* PBXContainerItemProxy */ = {
			isa = PBXContainerItemProxy;
			containerPortal = 320593C92722FF120058529E /* Project object */;
			proxyType = 1;
			remoteGlobalIDString = 320593D02722FF120058529E;
			remoteInfo = flickr;
		};
/* End PBXContainerItemProxy section */

/* Begin PBXFileReference section */
		320593D12722FF120058529E /* flickr.app */ = {isa = PBXFileReference; explicitFileType = wrapper.application; includeInIndex = 0; path = flickr.app; sourceTree = BUILT_PRODUCTS_DIR; };
		320593D42722FF120058529E /* AppDelegate.swift */ = {isa = PBXFileReference; lastKnownFileType = sourcecode.swift; path = AppDelegate.swift; sourceTree = "<group>"; };
		320593D62722FF120058529E /* SceneDelegate.swift */ = {isa = PBXFileReference; lastKnownFileType = sourcecode.swift; path = SceneDelegate.swift; sourceTree = "<group>"; };
		320593DD2722FF140058529E /* Assets.xcassets */ = {isa = PBXFileReference; lastKnownFileType = folder.assetcatalog; path = Assets.xcassets; sourceTree = "<group>"; };
		320593E02722FF140058529E /* Base */ = {isa = PBXFileReference; lastKnownFileType = file.storyboard; name = Base; path = Base.lproj/LaunchScreen.storyboard; sourceTree = "<group>"; };
		320593E22722FF140058529E /* Info.plist */ = {isa = PBXFileReference; lastKnownFileType = text.plist.xml; path = Info.plist; sourceTree = "<group>"; };
		320593E72722FF140058529E /* flickrTests.xctest */ = {isa = PBXFileReference; explicitFileType = wrapper.cfbundle; includeInIndex = 0; path = flickrTests.xctest; sourceTree = BUILT_PRODUCTS_DIR; };
		320593EB2722FF140058529E /* flickrTests.swift */ = {isa = PBXFileReference; lastKnownFileType = sourcecode.swift; path = flickrTests.swift; sourceTree = "<group>"; };
		320593F12722FF140058529E /* flickrUITests.xctest */ = {isa = PBXFileReference; explicitFileType = wrapper.cfbundle; includeInIndex = 0; path = flickrUITests.xctest; sourceTree = BUILT_PRODUCTS_DIR; };
		320593F52722FF140058529E /* flickrUITests.swift */ = {isa = PBXFileReference; lastKnownFileType = sourcecode.swift; path = flickrUITests.swift; sourceTree = "<group>"; };
		320593F72722FF140058529E /* flickrUITestsLaunchTests.swift */ = {isa = PBXFileReference; lastKnownFileType = sourcecode.swift; path = flickrUITestsLaunchTests.swift; sourceTree = "<group>"; };
		320594052723E86F0058529E /* Coordinator.swift */ = {isa = PBXFileReference; lastKnownFileType = sourcecode.swift; path = Coordinator.swift; sourceTree = "<group>"; };
		320594072723E88A0058529E /* MainCoordinator.swift */ = {isa = PBXFileReference; lastKnownFileType = sourcecode.swift; path = MainCoordinator.swift; sourceTree = "<group>"; };
		3205940A2723E9370058529E /* ImageSearch.swift */ = {isa = PBXFileReference; lastKnownFileType = sourcecode.swift; path = ImageSearch.swift; sourceTree = "<group>"; };
		3205940C2723EE4D0058529E /* ImageSearchViewController.swift */ = {isa = PBXFileReference; lastKnownFileType = sourcecode.swift; path = ImageSearchViewController.swift; sourceTree = "<group>"; };
		3205940F2723F2DF0058529E /* EndPoint.swift */ = {isa = PBXFileReference; lastKnownFileType = sourcecode.swift; path = EndPoint.swift; sourceTree = "<group>"; };
		320594132724025C0058529E /* URLComponents.swift */ = {isa = PBXFileReference; lastKnownFileType = sourcecode.swift; path = URLComponents.swift; sourceTree = "<group>"; };
		32059415272403AF0058529E /* Constants.swift */ = {isa = PBXFileReference; lastKnownFileType = sourcecode.swift; path = Constants.swift; sourceTree = "<group>"; };
		320594172724052D0058529E /* DataProvider.swift */ = {isa = PBXFileReference; lastKnownFileType = sourcecode.swift; path = DataProvider.swift; sourceTree = "<group>"; };
		320594192724055C0058529E /* NetworkAgent.swift */ = {isa = PBXFileReference; lastKnownFileType = sourcecode.swift; path = NetworkAgent.swift; sourceTree = "<group>"; };
		3205941B272405910058529E /* Service.swift */ = {isa = PBXFileReference; lastKnownFileType = sourcecode.swift; path = Service.swift; sourceTree = "<group>"; };
		3205941D272405AA0058529E /* ServiceFactory.swift */ = {isa = PBXFileReference; lastKnownFileType = sourcecode.swift; path = ServiceFactory.swift; sourceTree = "<group>"; };
		3205941F2724061E0058529E /* FlickrSearchUseCase.swift */ = {isa = PBXFileReference; lastKnownFileType = sourcecode.swift; path = FlickrSearchUseCase.swift; sourceTree = "<group>"; };
		320594222724083C0058529E /* SearchResultsDTO.swift */ = {isa = PBXFileReference; lastKnownFileType = sourcecode.swift; path = SearchResultsDTO.swift; sourceTree = "<group>"; };
		32059425272416370058529E /* BindableType.swift */ = {isa = PBXFileReference; lastKnownFileType = sourcecode.swift; path = BindableType.swift; sourceTree = "<group>"; };
		32059427272417120058529E /* BaseViewController.swift */ = {isa = PBXFileReference; lastKnownFileType = sourcecode.swift; path = BaseViewController.swift; sourceTree = "<group>"; };
		32059429272417560058529E /* ImageSearchViewModel.swift */ = {isa = PBXFileReference; lastKnownFileType = sourcecode.swift; path = ImageSearchViewModel.swift; sourceTree = "<group>"; };
		326EDD3E272439BF0036F791 /* EndPointTests.swift */ = {isa = PBXFileReference; lastKnownFileType = sourcecode.swift; path = EndPointTests.swift; sourceTree = "<group>"; };
		326EDD4027243EC90036F791 /* ServiceFactoryTests.swift */ = {isa = PBXFileReference; lastKnownFileType = sourcecode.swift; path = ServiceFactoryTests.swift; sourceTree = "<group>"; };
		326EDD4527243FCD0036F791 /* NetworkAgentTests.swift */ = {isa = PBXFileReference; lastKnownFileType = sourcecode.swift; path = NetworkAgentTests.swift; sourceTree = "<group>"; };
		326EDD47272441CF0036F791 /* TestURLProtocol.swift */ = {isa = PBXFileReference; lastKnownFileType = sourcecode.swift; path = TestURLProtocol.swift; sourceTree = "<group>"; };
		326EDD492724427A0036F791 /* FlickrSearchUseCaseTests.swift */ = {isa = PBXFileReference; lastKnownFileType = sourcecode.swift; path = FlickrSearchUseCaseTests.swift; sourceTree = "<group>"; };
		326EDD4B2724434B0036F791 /* MockNetworkAgent.swift */ = {isa = PBXFileReference; lastKnownFileType = sourcecode.swift; path = MockNetworkAgent.swift; sourceTree = "<group>"; };
		326EDD4E2724438C0036F791 /* JsonUtils.swift */ = {isa = PBXFileReference; lastKnownFileType = sourcecode.swift; path = JsonUtils.swift; sourceTree = "<group>"; };
		326EDD51272443D10036F791 /* TestResponse */ = {isa = PBXFileReference; lastKnownFileType = folder; path = TestResponse; sourceTree = "<group>"; };
		326EDD542724457E0036F791 /* JsonUtilsTests.swift */ = {isa = PBXFileReference; lastKnownFileType = sourcecode.swift; path = JsonUtilsTests.swift; sourceTree = "<group>"; };
		415EE565921125577373CF91 /* Pods_flickrTests.framework */ = {isa = PBXFileReference; explicitFileType = wrapper.framework; includeInIndex = 0; path = Pods_flickrTests.framework; sourceTree = BUILT_PRODUCTS_DIR; };
		545AA9972D9CC7A5952D709F /* Pods-flickr.debug.xcconfig */ = {isa = PBXFileReference; includeInIndex = 1; lastKnownFileType = text.xcconfig; name = "Pods-flickr.debug.xcconfig"; path = "Target Support Files/Pods-flickr/Pods-flickr.debug.xcconfig"; sourceTree = "<group>"; };
		668513193A35BF9F5F4B4B76 /* Pods_flickr_flickrUITests.framework */ = {isa = PBXFileReference; explicitFileType = wrapper.framework; includeInIndex = 0; path = Pods_flickr_flickrUITests.framework; sourceTree = BUILT_PRODUCTS_DIR; };
		66D2D29FEF530324DD6B664F /* Pods-flickr-flickrUITests.debug.xcconfig */ = {isa = PBXFileReference; includeInIndex = 1; lastKnownFileType = text.xcconfig; name = "Pods-flickr-flickrUITests.debug.xcconfig"; path = "Target Support Files/Pods-flickr-flickrUITests/Pods-flickr-flickrUITests.debug.xcconfig"; sourceTree = "<group>"; };
		71425D43ACA0B0D571775046 /* Pods-flickrTests.release.xcconfig */ = {isa = PBXFileReference; includeInIndex = 1; lastKnownFileType = text.xcconfig; name = "Pods-flickrTests.release.xcconfig"; path = "Target Support Files/Pods-flickrTests/Pods-flickrTests.release.xcconfig"; sourceTree = "<group>"; };
		A97BF8958793EC7D0302B572 /* Pods_flickr.framework */ = {isa = PBXFileReference; explicitFileType = wrapper.framework; includeInIndex = 0; path = Pods_flickr.framework; sourceTree = BUILT_PRODUCTS_DIR; };
		D2B68FA353309425B5983DDF /* Pods-flickr-flickrUITests.release.xcconfig */ = {isa = PBXFileReference; includeInIndex = 1; lastKnownFileType = text.xcconfig; name = "Pods-flickr-flickrUITests.release.xcconfig"; path = "Target Support Files/Pods-flickr-flickrUITests/Pods-flickr-flickrUITests.release.xcconfig"; sourceTree = "<group>"; };
		E3AFDB091E43E00B4D948C6C /* Pods-flickr.release.xcconfig */ = {isa = PBXFileReference; includeInIndex = 1; lastKnownFileType = text.xcconfig; name = "Pods-flickr.release.xcconfig"; path = "Target Support Files/Pods-flickr/Pods-flickr.release.xcconfig"; sourceTree = "<group>"; };
		EE1B88BD22D041D7BCA2609F /* Pods-flickrTests.debug.xcconfig */ = {isa = PBXFileReference; includeInIndex = 1; lastKnownFileType = text.xcconfig; name = "Pods-flickrTests.debug.xcconfig"; path = "Target Support Files/Pods-flickrTests/Pods-flickrTests.debug.xcconfig"; sourceTree = "<group>"; };
/* End PBXFileReference section */

/* Begin PBXFrameworksBuildPhase section */
		320593CE2722FF120058529E /* Frameworks */ = {
			isa = PBXFrameworksBuildPhase;
			buildActionMask = 2147483647;
			files = (
				CE63DE560A82D8CE042F3451 /* Pods_flickr.framework in Frameworks */,
			);
			runOnlyForDeploymentPostprocessing = 0;
		};
		320593E42722FF140058529E /* Frameworks */ = {
			isa = PBXFrameworksBuildPhase;
			buildActionMask = 2147483647;
			files = (
				5366AD779F08D0CC23CC512F /* Pods_flickrTests.framework in Frameworks */,
			);
			runOnlyForDeploymentPostprocessing = 0;
		};
		320593EE2722FF140058529E /* Frameworks */ = {
			isa = PBXFrameworksBuildPhase;
			buildActionMask = 2147483647;
			files = (
				6BA2B4C9A7A34C90402CDCFA /* Pods_flickr_flickrUITests.framework in Frameworks */,
			);
			runOnlyForDeploymentPostprocessing = 0;
		};
/* End PBXFrameworksBuildPhase section */

/* Begin PBXGroup section */
		2BC09FF4B2B60A1EA4E57540 /* Pods */ = {
			isa = PBXGroup;
			children = (
				545AA9972D9CC7A5952D709F /* Pods-flickr.debug.xcconfig */,
				E3AFDB091E43E00B4D948C6C /* Pods-flickr.release.xcconfig */,
				66D2D29FEF530324DD6B664F /* Pods-flickr-flickrUITests.debug.xcconfig */,
				D2B68FA353309425B5983DDF /* Pods-flickr-flickrUITests.release.xcconfig */,
				EE1B88BD22D041D7BCA2609F /* Pods-flickrTests.debug.xcconfig */,
				71425D43ACA0B0D571775046 /* Pods-flickrTests.release.xcconfig */,
			);
			path = Pods;
			sourceTree = "<group>";
		};
		320593C82722FF120058529E = {
			isa = PBXGroup;
			children = (
				320593D32722FF120058529E /* flickr */,
				320593EA2722FF140058529E /* flickrTests */,
				320593F42722FF140058529E /* flickrUITests */,
				320593D22722FF120058529E /* Products */,
				2BC09FF4B2B60A1EA4E57540 /* Pods */,
				E32595F42737C30E231BFC62 /* Frameworks */,
			);
			sourceTree = "<group>";
		};
		320593D22722FF120058529E /* Products */ = {
			isa = PBXGroup;
			children = (
				320593D12722FF120058529E /* flickr.app */,
				320593E72722FF140058529E /* flickrTests.xctest */,
				320593F12722FF140058529E /* flickrUITests.xctest */,
			);
			name = Products;
			sourceTree = "<group>";
		};
		320593D32722FF120058529E /* flickr */ = {
			isa = PBXGroup;
			children = (
				320594212724081A0058529E /* Models */,
				32059411272402400058529E /* Common */,
				3205940E2723F2C00058529E /* Service */,
				320594092723E9250058529E /* Scenes */,
				320594042723E85A0058529E /* Coordinator */,
				320593D42722FF120058529E /* AppDelegate.swift */,
				320593D62722FF120058529E /* SceneDelegate.swift */,
				320593DD2722FF140058529E /* Assets.xcassets */,
				320593DF2722FF140058529E /* LaunchScreen.storyboard */,
				320593E22722FF140058529E /* Info.plist */,
			);
			path = flickr;
			sourceTree = "<group>";
		};
		320593EA2722FF140058529E /* flickrTests */ = {
			isa = PBXGroup;
			children = (
				326EDD53272445620036F791 /* Utils */,
				326EDD51272443D10036F791 /* TestResponse */,
				328E1C3D2724241D00B745C6 /* ServiceTests */,
				320593EB2722FF140058529E /* flickrTests.swift */,
			);
			path = flickrTests;
			sourceTree = "<group>";
		};
		320593F42722FF140058529E /* flickrUITests */ = {
			isa = PBXGroup;
			children = (
				320593F52722FF140058529E /* flickrUITests.swift */,
				320593F72722FF140058529E /* flickrUITestsLaunchTests.swift */,
			);
			path = flickrUITests;
			sourceTree = "<group>";
		};
		320594042723E85A0058529E /* Coordinator */ = {
			isa = PBXGroup;
			children = (
				320594052723E86F0058529E /* Coordinator.swift */,
				320594072723E88A0058529E /* MainCoordinator.swift */,
			);
			path = Coordinator;
			sourceTree = "<group>";
		};
		320594092723E9250058529E /* Scenes */ = {
			isa = PBXGroup;
			children = (
				3205940A2723E9370058529E /* ImageSearch.swift */,
				3205940C2723EE4D0058529E /* ImageSearchViewController.swift */,
				32059429272417560058529E /* ImageSearchViewModel.swift */,
			);
			path = Scenes;
			sourceTree = "<group>";
		};
		3205940E2723F2C00058529E /* Service */ = {
			isa = PBXGroup;
			children = (
				3205940F2723F2DF0058529E /* EndPoint.swift */,
				320594172724052D0058529E /* DataProvider.swift */,
				320594192724055C0058529E /* NetworkAgent.swift */,
				3205941B272405910058529E /* Service.swift */,
				3205941D272405AA0058529E /* ServiceFactory.swift */,
				3205941F2724061E0058529E /* FlickrSearchUseCase.swift */,
			);
			path = Service;
			sourceTree = "<group>";
		};
		32059411272402400058529E /* Common */ = {
			isa = PBXGroup;
			children = (
				326EDD4D2724437A0036F791 /* Utils */,
				32059424272416270058529E /* Base */,
				320594122724024C0058529E /* Extension */,
				32059415272403AF0058529E /* Constants.swift */,
			);
			path = Common;
			sourceTree = "<group>";
		};
		320594122724024C0058529E /* Extension */ = {
			isa = PBXGroup;
			children = (
				320594132724025C0058529E /* URLComponents.swift */,
			);
			path = Extension;
			sourceTree = "<group>";
		};
		320594212724081A0058529E /* Models */ = {
			isa = PBXGroup;
			children = (
				320594222724083C0058529E /* SearchResultsDTO.swift */,
			);
			path = Models;
			sourceTree = "<group>";
		};
		32059424272416270058529E /* Base */ = {
			isa = PBXGroup;
			children = (
				32059425272416370058529E /* BindableType.swift */,
				32059427272417120058529E /* BaseViewController.swift */,
			);
			path = Base;
			sourceTree = "<group>";
		};
		326EDD4D2724437A0036F791 /* Utils */ = {
			isa = PBXGroup;
			children = (
				326EDD4E2724438C0036F791 /* JsonUtils.swift */,
			);
			path = Utils;
			sourceTree = "<group>";
		};
		326EDD53272445620036F791 /* Utils */ = {
			isa = PBXGroup;
			children = (
				326EDD542724457E0036F791 /* JsonUtilsTests.swift */,
			);
			path = Utils;
			sourceTree = "<group>";
		};
		328E1C3D2724241D00B745C6 /* ServiceTests */ = {
			isa = PBXGroup;
			children = (
				326EDD3E272439BF0036F791 /* EndPointTests.swift */,
				326EDD4027243EC90036F791 /* ServiceFactoryTests.swift */,
				326EDD4527243FCD0036F791 /* NetworkAgentTests.swift */,
				326EDD47272441CF0036F791 /* TestURLProtocol.swift */,
				326EDD492724427A0036F791 /* FlickrSearchUseCaseTests.swift */,
				326EDD4B2724434B0036F791 /* MockNetworkAgent.swift */,
			);
			path = ServiceTests;
			sourceTree = "<group>";
		};
		E32595F42737C30E231BFC62 /* Frameworks */ = {
			isa = PBXGroup;
			children = (
				A97BF8958793EC7D0302B572 /* Pods_flickr.framework */,
				668513193A35BF9F5F4B4B76 /* Pods_flickr_flickrUITests.framework */,
				415EE565921125577373CF91 /* Pods_flickrTests.framework */,
			);
			name = Frameworks;
			sourceTree = "<group>";
		};
/* End PBXGroup section */

/* Begin PBXNativeTarget section */
		320593D02722FF120058529E /* flickr */ = {
			isa = PBXNativeTarget;
			buildConfigurationList = 320593FB2722FF140058529E /* Build configuration list for PBXNativeTarget "flickr" */;
			buildPhases = (
				3BBA586D9F8E72EFB6D00492 /* [CP] Check Pods Manifest.lock */,
				320593CD2722FF120058529E /* Sources */,
				320593CE2722FF120058529E /* Frameworks */,
				320593CF2722FF120058529E /* Resources */,
				B1273DDA108BCAB21DAF92DC /* [CP] Embed Pods Frameworks */,
			);
			buildRules = (
			);
			dependencies = (
			);
			name = flickr;
			productName = flickr;
			productReference = 320593D12722FF120058529E /* flickr.app */;
			productType = "com.apple.product-type.application";
		};
		320593E62722FF140058529E /* flickrTests */ = {
			isa = PBXNativeTarget;
			buildConfigurationList = 320593FE2722FF140058529E /* Build configuration list for PBXNativeTarget "flickrTests" */;
			buildPhases = (
				6D681434C9BB84FC8AE23377 /* [CP] Check Pods Manifest.lock */,
				320593E32722FF140058529E /* Sources */,
				320593E42722FF140058529E /* Frameworks */,
				320593E52722FF140058529E /* Resources */,
				DD8CECC41FA4B4DEF9D3C97D /* [CP] Embed Pods Frameworks */,
			);
			buildRules = (
			);
			dependencies = (
				320593E92722FF140058529E /* PBXTargetDependency */,
			);
			name = flickrTests;
			productName = flickrTests;
			productReference = 320593E72722FF140058529E /* flickrTests.xctest */;
			productType = "com.apple.product-type.bundle.unit-test";
		};
		320593F02722FF140058529E /* flickrUITests */ = {
			isa = PBXNativeTarget;
			buildConfigurationList = 320594012722FF140058529E /* Build configuration list for PBXNativeTarget "flickrUITests" */;
			buildPhases = (
				1CE3067DA7E2DACA5F31B2AC /* [CP] Check Pods Manifest.lock */,
				320593ED2722FF140058529E /* Sources */,
				320593EE2722FF140058529E /* Frameworks */,
				320593EF2722FF140058529E /* Resources */,
				849DFA5B512F2CF8A666E726 /* [CP] Embed Pods Frameworks */,
			);
			buildRules = (
			);
			dependencies = (
				320593F32722FF140058529E /* PBXTargetDependency */,
			);
			name = flickrUITests;
			productName = flickrUITests;
			productReference = 320593F12722FF140058529E /* flickrUITests.xctest */;
			productType = "com.apple.product-type.bundle.ui-testing";
		};
/* End PBXNativeTarget section */

/* Begin PBXProject section */
		320593C92722FF120058529E /* Project object */ = {
			isa = PBXProject;
			attributes = {
				BuildIndependentTargetsInParallel = 1;
				LastSwiftUpdateCheck = 1300;
				LastUpgradeCheck = 1300;
				TargetAttributes = {
					320593D02722FF120058529E = {
						CreatedOnToolsVersion = 13.0;
					};
					320593E62722FF140058529E = {
						CreatedOnToolsVersion = 13.0;
						TestTargetID = 320593D02722FF120058529E;
					};
					320593F02722FF140058529E = {
						CreatedOnToolsVersion = 13.0;
						TestTargetID = 320593D02722FF120058529E;
					};
				};
			};
			buildConfigurationList = 320593CC2722FF120058529E /* Build configuration list for PBXProject "flickr" */;
			compatibilityVersion = "Xcode 13.0";
			developmentRegion = en;
			hasScannedForEncodings = 0;
			knownRegions = (
				en,
				Base,
			);
			mainGroup = 320593C82722FF120058529E;
			productRefGroup = 320593D22722FF120058529E /* Products */;
			projectDirPath = "";
			projectRoot = "";
			targets = (
				320593D02722FF120058529E /* flickr */,
				320593E62722FF140058529E /* flickrTests */,
				320593F02722FF140058529E /* flickrUITests */,
			);
		};
/* End PBXProject section */

/* Begin PBXResourcesBuildPhase section */
		320593CF2722FF120058529E /* Resources */ = {
			isa = PBXResourcesBuildPhase;
			buildActionMask = 2147483647;
			files = (
				320593E12722FF140058529E /* LaunchScreen.storyboard in Resources */,
				320593DE2722FF140058529E /* Assets.xcassets in Resources */,
			);
			runOnlyForDeploymentPostprocessing = 0;
		};
		320593E52722FF140058529E /* Resources */ = {
			isa = PBXResourcesBuildPhase;
			buildActionMask = 2147483647;
			files = (
				326EDD52272443D10036F791 /* TestResponse in Resources */,
			);
			runOnlyForDeploymentPostprocessing = 0;
		};
		320593EF2722FF140058529E /* Resources */ = {
			isa = PBXResourcesBuildPhase;
			buildActionMask = 2147483647;
			files = (
			);
			runOnlyForDeploymentPostprocessing = 0;
		};
/* End PBXResourcesBuildPhase section */

/* Begin PBXShellScriptBuildPhase section */
		1CE3067DA7E2DACA5F31B2AC /* [CP] Check Pods Manifest.lock */ = {
			isa = PBXShellScriptBuildPhase;
			buildActionMask = 2147483647;
			files = (
			);
			inputFileListPaths = (
			);
			inputPaths = (
				"${PODS_PODFILE_DIR_PATH}/Podfile.lock",
				"${PODS_ROOT}/Manifest.lock",
			);
			name = "[CP] Check Pods Manifest.lock";
			outputFileListPaths = (
			);
			outputPaths = (
				"$(DERIVED_FILE_DIR)/Pods-flickr-flickrUITests-checkManifestLockResult.txt",
			);
			runOnlyForDeploymentPostprocessing = 0;
			shellPath = /bin/sh;
			shellScript = "diff \"${PODS_PODFILE_DIR_PATH}/Podfile.lock\" \"${PODS_ROOT}/Manifest.lock\" > /dev/null\nif [ $? != 0 ] ; then\n    # print error to STDERR\n    echo \"error: The sandbox is not in sync with the Podfile.lock. Run 'pod install' or update your CocoaPods installation.\" >&2\n    exit 1\nfi\n# This output is used by Xcode 'outputs' to avoid re-running this script phase.\necho \"SUCCESS\" > \"${SCRIPT_OUTPUT_FILE_0}\"\n";
			showEnvVarsInLog = 0;
		};
		3BBA586D9F8E72EFB6D00492 /* [CP] Check Pods Manifest.lock */ = {
			isa = PBXShellScriptBuildPhase;
			buildActionMask = 2147483647;
			files = (
			);
			inputFileListPaths = (
			);
			inputPaths = (
				"${PODS_PODFILE_DIR_PATH}/Podfile.lock",
				"${PODS_ROOT}/Manifest.lock",
			);
			name = "[CP] Check Pods Manifest.lock";
			outputFileListPaths = (
			);
			outputPaths = (
				"$(DERIVED_FILE_DIR)/Pods-flickr-checkManifestLockResult.txt",
			);
			runOnlyForDeploymentPostprocessing = 0;
			shellPath = /bin/sh;
			shellScript = "diff \"${PODS_PODFILE_DIR_PATH}/Podfile.lock\" \"${PODS_ROOT}/Manifest.lock\" > /dev/null\nif [ $? != 0 ] ; then\n    # print error to STDERR\n    echo \"error: The sandbox is not in sync with the Podfile.lock. Run 'pod install' or update your CocoaPods installation.\" >&2\n    exit 1\nfi\n# This output is used by Xcode 'outputs' to avoid re-running this script phase.\necho \"SUCCESS\" > \"${SCRIPT_OUTPUT_FILE_0}\"\n";
			showEnvVarsInLog = 0;
		};
		6D681434C9BB84FC8AE23377 /* [CP] Check Pods Manifest.lock */ = {
			isa = PBXShellScriptBuildPhase;
			buildActionMask = 2147483647;
			files = (
			);
			inputFileListPaths = (
			);
			inputPaths = (
				"${PODS_PODFILE_DIR_PATH}/Podfile.lock",
				"${PODS_ROOT}/Manifest.lock",
			);
			name = "[CP] Check Pods Manifest.lock";
			outputFileListPaths = (
			);
			outputPaths = (
				"$(DERIVED_FILE_DIR)/Pods-flickrTests-checkManifestLockResult.txt",
			);
			runOnlyForDeploymentPostprocessing = 0;
			shellPath = /bin/sh;
			shellScript = "diff \"${PODS_PODFILE_DIR_PATH}/Podfile.lock\" \"${PODS_ROOT}/Manifest.lock\" > /dev/null\nif [ $? != 0 ] ; then\n    # print error to STDERR\n    echo \"error: The sandbox is not in sync with the Podfile.lock. Run 'pod install' or update your CocoaPods installation.\" >&2\n    exit 1\nfi\n# This output is used by Xcode 'outputs' to avoid re-running this script phase.\necho \"SUCCESS\" > \"${SCRIPT_OUTPUT_FILE_0}\"\n";
			showEnvVarsInLog = 0;
		};
		849DFA5B512F2CF8A666E726 /* [CP] Embed Pods Frameworks */ = {
			isa = PBXShellScriptBuildPhase;
			buildActionMask = 2147483647;
			files = (
			);
			inputFileListPaths = (
				"${PODS_ROOT}/Target Support Files/Pods-flickr-flickrUITests/Pods-flickr-flickrUITests-frameworks-${CONFIGURATION}-input-files.xcfilelist",
			);
			name = "[CP] Embed Pods Frameworks";
			outputFileListPaths = (
				"${PODS_ROOT}/Target Support Files/Pods-flickr-flickrUITests/Pods-flickr-flickrUITests-frameworks-${CONFIGURATION}-output-files.xcfilelist",
			);
			runOnlyForDeploymentPostprocessing = 0;
			shellPath = /bin/sh;
			shellScript = "\"${PODS_ROOT}/Target Support Files/Pods-flickr-flickrUITests/Pods-flickr-flickrUITests-frameworks.sh\"\n";
			showEnvVarsInLog = 0;
		};
		B1273DDA108BCAB21DAF92DC /* [CP] Embed Pods Frameworks */ = {
			isa = PBXShellScriptBuildPhase;
			buildActionMask = 2147483647;
			files = (
			);
			inputFileListPaths = (
				"${PODS_ROOT}/Target Support Files/Pods-flickr/Pods-flickr-frameworks-${CONFIGURATION}-input-files.xcfilelist",
			);
			name = "[CP] Embed Pods Frameworks";
			outputFileListPaths = (
				"${PODS_ROOT}/Target Support Files/Pods-flickr/Pods-flickr-frameworks-${CONFIGURATION}-output-files.xcfilelist",
			);
			runOnlyForDeploymentPostprocessing = 0;
			shellPath = /bin/sh;
			shellScript = "\"${PODS_ROOT}/Target Support Files/Pods-flickr/Pods-flickr-frameworks.sh\"\n";
			showEnvVarsInLog = 0;
		};
		DD8CECC41FA4B4DEF9D3C97D /* [CP] Embed Pods Frameworks */ = {
			isa = PBXShellScriptBuildPhase;
			buildActionMask = 2147483647;
			files = (
			);
			inputFileListPaths = (
				"${PODS_ROOT}/Target Support Files/Pods-flickrTests/Pods-flickrTests-frameworks-${CONFIGURATION}-input-files.xcfilelist",
			);
			name = "[CP] Embed Pods Frameworks";
			outputFileListPaths = (
				"${PODS_ROOT}/Target Support Files/Pods-flickrTests/Pods-flickrTests-frameworks-${CONFIGURATION}-output-files.xcfilelist",
			);
			runOnlyForDeploymentPostprocessing = 0;
			shellPath = /bin/sh;
			shellScript = "\"${PODS_ROOT}/Target Support Files/Pods-flickrTests/Pods-flickrTests-frameworks.sh\"\n";
			showEnvVarsInLog = 0;
		};
/* End PBXShellScriptBuildPhase section */

/* Begin PBXSourcesBuildPhase section */
		320593CD2722FF120058529E /* Sources */ = {
			isa = PBXSourcesBuildPhase;
			buildActionMask = 2147483647;
			files = (
				32059426272416370058529E /* BindableType.swift in Sources */,
				320594062723E86F0058529E /* Coordinator.swift in Sources */,
				320593D52722FF120058529E /* AppDelegate.swift in Sources */,
				320594232724083C0058529E /* SearchResultsDTO.swift in Sources */,
				320594182724052D0058529E /* DataProvider.swift in Sources */,
				3205940D2723EE4D0058529E /* ImageSearchViewController.swift in Sources */,
				3205942A272417560058529E /* ImageSearchViewModel.swift in Sources */,
				320594202724061E0058529E /* FlickrSearchUseCase.swift in Sources */,
				32059428272417120058529E /* BaseViewController.swift in Sources */,
				320594082723E88A0058529E /* MainCoordinator.swift in Sources */,
				3205941E272405AA0058529E /* ServiceFactory.swift in Sources */,
				3205941C272405910058529E /* Service.swift in Sources */,
				3205941A2724055C0058529E /* NetworkAgent.swift in Sources */,
				3205940B2723E9370058529E /* ImageSearch.swift in Sources */,
				320594102723F2DF0058529E /* EndPoint.swift in Sources */,
				320593D72722FF120058529E /* SceneDelegate.swift in Sources */,
				326EDD4F2724438C0036F791 /* JsonUtils.swift in Sources */,
				320594142724025C0058529E /* URLComponents.swift in Sources */,
				32059416272403AF0058529E /* Constants.swift in Sources */,
			);
			runOnlyForDeploymentPostprocessing = 0;
		};
		320593E32722FF140058529E /* Sources */ = {
			isa = PBXSourcesBuildPhase;
			buildActionMask = 2147483647;
			files = (
				326EDD3F272439BF0036F791 /* EndPointTests.swift in Sources */,
				326EDD48272441CF0036F791 /* TestURLProtocol.swift in Sources */,
				320593EC2722FF140058529E /* flickrTests.swift in Sources */,
				326EDD4C2724434B0036F791 /* MockNetworkAgent.swift in Sources */,
				326EDD4627243FCD0036F791 /* NetworkAgentTests.swift in Sources */,
				326EDD552724457E0036F791 /* JsonUtilsTests.swift in Sources */,
				326EDD4A2724427A0036F791 /* FlickrSearchUseCaseTests.swift in Sources */,
				326EDD4127243EC90036F791 /* ServiceFactoryTests.swift in Sources */,
			);
			runOnlyForDeploymentPostprocessing = 0;
		};
		320593ED2722FF140058529E /* Sources */ = {
			isa = PBXSourcesBuildPhase;
			buildActionMask = 2147483647;
			files = (
				320593F62722FF140058529E /* flickrUITests.swift in Sources */,
				320593F82722FF140058529E /* flickrUITestsLaunchTests.swift in Sources */,
			);
			runOnlyForDeploymentPostprocessing = 0;
		};
/* End PBXSourcesBuildPhase section */

/* Begin PBXTargetDependency section */
		320593E92722FF140058529E /* PBXTargetDependency */ = {
			isa = PBXTargetDependency;
			target = 320593D02722FF120058529E /* flickr */;
			targetProxy = 320593E82722FF140058529E /* PBXContainerItemProxy */;
		};
		320593F32722FF140058529E /* PBXTargetDependency */ = {
			isa = PBXTargetDependency;
			target = 320593D02722FF120058529E /* flickr */;
			targetProxy = 320593F22722FF140058529E /* PBXContainerItemProxy */;
		};
/* End PBXTargetDependency section */

/* Begin PBXVariantGroup section */
		320593DF2722FF140058529E /* LaunchScreen.storyboard */ = {
			isa = PBXVariantGroup;
			children = (
				320593E02722FF140058529E /* Base */,
			);
			name = LaunchScreen.storyboard;
			sourceTree = "<group>";
		};
/* End PBXVariantGroup section */

/* Begin XCBuildConfiguration section */
		320593F92722FF140058529E /* Debug */ = {
			isa = XCBuildConfiguration;
			buildSettings = {
				ALWAYS_SEARCH_USER_PATHS = NO;
				CLANG_ANALYZER_NONNULL = YES;
				CLANG_ANALYZER_NUMBER_OBJECT_CONVERSION = YES_AGGRESSIVE;
				CLANG_CXX_LANGUAGE_STANDARD = "gnu++17";
				CLANG_CXX_LIBRARY = "libc++";
				CLANG_ENABLE_MODULES = YES;
				CLANG_ENABLE_OBJC_ARC = YES;
				CLANG_ENABLE_OBJC_WEAK = YES;
				CLANG_WARN_BLOCK_CAPTURE_AUTORELEASING = YES;
				CLANG_WARN_BOOL_CONVERSION = YES;
				CLANG_WARN_COMMA = YES;
				CLANG_WARN_CONSTANT_CONVERSION = YES;
				CLANG_WARN_DEPRECATED_OBJC_IMPLEMENTATIONS = YES;
				CLANG_WARN_DIRECT_OBJC_ISA_USAGE = YES_ERROR;
				CLANG_WARN_DOCUMENTATION_COMMENTS = YES;
				CLANG_WARN_EMPTY_BODY = YES;
				CLANG_WARN_ENUM_CONVERSION = YES;
				CLANG_WARN_INFINITE_RECURSION = YES;
				CLANG_WARN_INT_CONVERSION = YES;
				CLANG_WARN_NON_LITERAL_NULL_CONVERSION = YES;
				CLANG_WARN_OBJC_IMPLICIT_RETAIN_SELF = YES;
				CLANG_WARN_OBJC_LITERAL_CONVERSION = YES;
				CLANG_WARN_OBJC_ROOT_CLASS = YES_ERROR;
				CLANG_WARN_QUOTED_INCLUDE_IN_FRAMEWORK_HEADER = YES;
				CLANG_WARN_RANGE_LOOP_ANALYSIS = YES;
				CLANG_WARN_STRICT_PROTOTYPES = YES;
				CLANG_WARN_SUSPICIOUS_MOVE = YES;
				CLANG_WARN_UNGUARDED_AVAILABILITY = YES_AGGRESSIVE;
				CLANG_WARN_UNREACHABLE_CODE = YES;
				CLANG_WARN__DUPLICATE_METHOD_MATCH = YES;
				COPY_PHASE_STRIP = NO;
				DEBUG_INFORMATION_FORMAT = dwarf;
				ENABLE_STRICT_OBJC_MSGSEND = YES;
				ENABLE_TESTABILITY = YES;
				GCC_C_LANGUAGE_STANDARD = gnu11;
				GCC_DYNAMIC_NO_PIC = NO;
				GCC_NO_COMMON_BLOCKS = YES;
				GCC_OPTIMIZATION_LEVEL = 0;
				GCC_PREPROCESSOR_DEFINITIONS = (
					"DEBUG=1",
					"$(inherited)",
				);
				GCC_WARN_64_TO_32_BIT_CONVERSION = YES;
				GCC_WARN_ABOUT_RETURN_TYPE = YES_ERROR;
				GCC_WARN_UNDECLARED_SELECTOR = YES;
				GCC_WARN_UNINITIALIZED_AUTOS = YES_AGGRESSIVE;
				GCC_WARN_UNUSED_FUNCTION = YES;
				GCC_WARN_UNUSED_VARIABLE = YES;
				IPHONEOS_DEPLOYMENT_TARGET = 15.0;
				MTL_ENABLE_DEBUG_INFO = INCLUDE_SOURCE;
				MTL_FAST_MATH = YES;
				ONLY_ACTIVE_ARCH = YES;
				SDKROOT = iphoneos;
				SWIFT_ACTIVE_COMPILATION_CONDITIONS = DEBUG;
				SWIFT_OPTIMIZATION_LEVEL = "-Onone";
			};
			name = Debug;
		};
		320593FA2722FF140058529E /* Release */ = {
			isa = XCBuildConfiguration;
			buildSettings = {
				ALWAYS_SEARCH_USER_PATHS = NO;
				CLANG_ANALYZER_NONNULL = YES;
				CLANG_ANALYZER_NUMBER_OBJECT_CONVERSION = YES_AGGRESSIVE;
				CLANG_CXX_LANGUAGE_STANDARD = "gnu++17";
				CLANG_CXX_LIBRARY = "libc++";
				CLANG_ENABLE_MODULES = YES;
				CLANG_ENABLE_OBJC_ARC = YES;
				CLANG_ENABLE_OBJC_WEAK = YES;
				CLANG_WARN_BLOCK_CAPTURE_AUTORELEASING = YES;
				CLANG_WARN_BOOL_CONVERSION = YES;
				CLANG_WARN_COMMA = YES;
				CLANG_WARN_CONSTANT_CONVERSION = YES;
				CLANG_WARN_DEPRECATED_OBJC_IMPLEMENTATIONS = YES;
				CLANG_WARN_DIRECT_OBJC_ISA_USAGE = YES_ERROR;
				CLANG_WARN_DOCUMENTATION_COMMENTS = YES;
				CLANG_WARN_EMPTY_BODY = YES;
				CLANG_WARN_ENUM_CONVERSION = YES;
				CLANG_WARN_INFINITE_RECURSION = YES;
				CLANG_WARN_INT_CONVERSION = YES;
				CLANG_WARN_NON_LITERAL_NULL_CONVERSION = YES;
				CLANG_WARN_OBJC_IMPLICIT_RETAIN_SELF = YES;
				CLANG_WARN_OBJC_LITERAL_CONVERSION = YES;
				CLANG_WARN_OBJC_ROOT_CLASS = YES_ERROR;
				CLANG_WARN_QUOTED_INCLUDE_IN_FRAMEWORK_HEADER = YES;
				CLANG_WARN_RANGE_LOOP_ANALYSIS = YES;
				CLANG_WARN_STRICT_PROTOTYPES = YES;
				CLANG_WARN_SUSPICIOUS_MOVE = YES;
				CLANG_WARN_UNGUARDED_AVAILABILITY = YES_AGGRESSIVE;
				CLANG_WARN_UNREACHABLE_CODE = YES;
				CLANG_WARN__DUPLICATE_METHOD_MATCH = YES;
				COPY_PHASE_STRIP = NO;
				DEBUG_INFORMATION_FORMAT = "dwarf-with-dsym";
				ENABLE_NS_ASSERTIONS = NO;
				ENABLE_STRICT_OBJC_MSGSEND = YES;
				GCC_C_LANGUAGE_STANDARD = gnu11;
				GCC_NO_COMMON_BLOCKS = YES;
				GCC_WARN_64_TO_32_BIT_CONVERSION = YES;
				GCC_WARN_ABOUT_RETURN_TYPE = YES_ERROR;
				GCC_WARN_UNDECLARED_SELECTOR = YES;
				GCC_WARN_UNINITIALIZED_AUTOS = YES_AGGRESSIVE;
				GCC_WARN_UNUSED_FUNCTION = YES;
				GCC_WARN_UNUSED_VARIABLE = YES;
				IPHONEOS_DEPLOYMENT_TARGET = 15.0;
				MTL_ENABLE_DEBUG_INFO = NO;
				MTL_FAST_MATH = YES;
				SDKROOT = iphoneos;
				SWIFT_COMPILATION_MODE = wholemodule;
				SWIFT_OPTIMIZATION_LEVEL = "-O";
				VALIDATE_PRODUCT = YES;
			};
			name = Release;
		};
		320593FC2722FF140058529E /* Debug */ = {
			isa = XCBuildConfiguration;
			baseConfigurationReference = 545AA9972D9CC7A5952D709F /* Pods-flickr.debug.xcconfig */;
			buildSettings = {
				ASSETCATALOG_COMPILER_APPICON_NAME = AppIcon;
				ASSETCATALOG_COMPILER_GLOBAL_ACCENT_COLOR_NAME = AccentColor;
				CODE_SIGN_STYLE = Automatic;
				CURRENT_PROJECT_VERSION = 1;
				GENERATE_INFOPLIST_FILE = YES;
				INFOPLIST_FILE = flickr/Info.plist;
				INFOPLIST_KEY_UIApplicationSupportsIndirectInputEvents = YES;
				INFOPLIST_KEY_UILaunchStoryboardName = LaunchScreen;
				INFOPLIST_KEY_UISupportedInterfaceOrientations = UIInterfaceOrientationPortrait;
				INFOPLIST_KEY_UISupportedInterfaceOrientations_iPad = "UIInterfaceOrientationPortrait UIInterfaceOrientationPortraitUpsideDown UIInterfaceOrientationLandscapeLeft UIInterfaceOrientationLandscapeRight";
				INFOPLIST_KEY_UISupportedInterfaceOrientations_iPhone = "UIInterfaceOrientationPortrait UIInterfaceOrientationLandscapeLeft UIInterfaceOrientationLandscapeRight";
				LD_RUNPATH_SEARCH_PATHS = (
					"$(inherited)",
					"@executable_path/Frameworks",
				);
				MARKETING_VERSION = 1.0;
				PRODUCT_BUNDLE_IDENTIFIER = com.mobiquity.flickr.flickr;
				PRODUCT_NAME = "$(TARGET_NAME)";
				SWIFT_EMIT_LOC_STRINGS = YES;
				SWIFT_VERSION = 5.0;
				TARGETED_DEVICE_FAMILY = 1;
			};
			name = Debug;
		};
		320593FD2722FF140058529E /* Release */ = {
			isa = XCBuildConfiguration;
			baseConfigurationReference = E3AFDB091E43E00B4D948C6C /* Pods-flickr.release.xcconfig */;
			buildSettings = {
				ASSETCATALOG_COMPILER_APPICON_NAME = AppIcon;
				ASSETCATALOG_COMPILER_GLOBAL_ACCENT_COLOR_NAME = AccentColor;
				CODE_SIGN_STYLE = Automatic;
				CURRENT_PROJECT_VERSION = 1;
				GENERATE_INFOPLIST_FILE = YES;
				INFOPLIST_FILE = flickr/Info.plist;
				INFOPLIST_KEY_UIApplicationSupportsIndirectInputEvents = YES;
				INFOPLIST_KEY_UILaunchStoryboardName = LaunchScreen;
				INFOPLIST_KEY_UISupportedInterfaceOrientations = UIInterfaceOrientationPortrait;
				INFOPLIST_KEY_UISupportedInterfaceOrientations_iPad = "UIInterfaceOrientationPortrait UIInterfaceOrientationPortraitUpsideDown UIInterfaceOrientationLandscapeLeft UIInterfaceOrientationLandscapeRight";
				INFOPLIST_KEY_UISupportedInterfaceOrientations_iPhone = "UIInterfaceOrientationPortrait UIInterfaceOrientationLandscapeLeft UIInterfaceOrientationLandscapeRight";
				LD_RUNPATH_SEARCH_PATHS = (
					"$(inherited)",
					"@executable_path/Frameworks",
				);
				MARKETING_VERSION = 1.0;
				PRODUCT_BUNDLE_IDENTIFIER = com.mobiquity.flickr.flickr;
				PRODUCT_NAME = "$(TARGET_NAME)";
				SWIFT_EMIT_LOC_STRINGS = YES;
				SWIFT_VERSION = 5.0;
				TARGETED_DEVICE_FAMILY = 1;
			};
			name = Release;
		};
		320593FF2722FF140058529E /* Debug */ = {
			isa = XCBuildConfiguration;
			baseConfigurationReference = EE1B88BD22D041D7BCA2609F /* Pods-flickrTests.debug.xcconfig */;
			buildSettings = {
				ALWAYS_EMBED_SWIFT_STANDARD_LIBRARIES = YES;
				BUNDLE_LOADER = "$(TEST_HOST)";
				CODE_SIGN_STYLE = Automatic;
				CURRENT_PROJECT_VERSION = 1;
				GENERATE_INFOPLIST_FILE = YES;
				IPHONEOS_DEPLOYMENT_TARGET = 15.0;
				LD_RUNPATH_SEARCH_PATHS = (
					"$(inherited)",
					"@executable_path/Frameworks",
					"@loader_path/Frameworks",
				);
				MARKETING_VERSION = 1.0;
				PRODUCT_BUNDLE_IDENTIFIER = com.mobiquity.flickr.flickrTests;
				PRODUCT_NAME = "$(TARGET_NAME)";
				SWIFT_EMIT_LOC_STRINGS = NO;
				SWIFT_VERSION = 5.0;
				TARGETED_DEVICE_FAMILY = "1,2";
				TEST_HOST = "$(BUILT_PRODUCTS_DIR)/flickr.app/flickr";
			};
			name = Debug;
		};
		320594002722FF140058529E /* Release */ = {
			isa = XCBuildConfiguration;
			baseConfigurationReference = 71425D43ACA0B0D571775046 /* Pods-flickrTests.release.xcconfig */;
			buildSettings = {
				ALWAYS_EMBED_SWIFT_STANDARD_LIBRARIES = YES;
				BUNDLE_LOADER = "$(TEST_HOST)";
				CODE_SIGN_STYLE = Automatic;
				CURRENT_PROJECT_VERSION = 1;
				GENERATE_INFOPLIST_FILE = YES;
				IPHONEOS_DEPLOYMENT_TARGET = 15.0;
				LD_RUNPATH_SEARCH_PATHS = (
					"$(inherited)",
					"@executable_path/Frameworks",
					"@loader_path/Frameworks",
				);
				MARKETING_VERSION = 1.0;
				PRODUCT_BUNDLE_IDENTIFIER = com.mobiquity.flickr.flickrTests;
				PRODUCT_NAME = "$(TARGET_NAME)";
				SWIFT_EMIT_LOC_STRINGS = NO;
				SWIFT_VERSION = 5.0;
				TARGETED_DEVICE_FAMILY = "1,2";
				TEST_HOST = "$(BUILT_PRODUCTS_DIR)/flickr.app/flickr";
			};
			name = Release;
		};
		320594022722FF140058529E /* Debug */ = {
			isa = XCBuildConfiguration;
			baseConfigurationReference = 66D2D29FEF530324DD6B664F /* Pods-flickr-flickrUITests.debug.xcconfig */;
			buildSettings = {
				ALWAYS_EMBED_SWIFT_STANDARD_LIBRARIES = YES;
				CODE_SIGN_STYLE = Automatic;
				CURRENT_PROJECT_VERSION = 1;
				GENERATE_INFOPLIST_FILE = YES;
				LD_RUNPATH_SEARCH_PATHS = (
					"$(inherited)",
					"@executable_path/Frameworks",
					"@loader_path/Frameworks",
				);
				MARKETING_VERSION = 1.0;
				PRODUCT_BUNDLE_IDENTIFIER = com.mobiquity.flickr.flickrUITests;
				PRODUCT_NAME = "$(TARGET_NAME)";
				SWIFT_EMIT_LOC_STRINGS = NO;
				SWIFT_VERSION = 5.0;
				TARGETED_DEVICE_FAMILY = "1,2";
				TEST_TARGET_NAME = flickr;
			};
			name = Debug;
		};
		320594032722FF140058529E /* Release */ = {
			isa = XCBuildConfiguration;
			baseConfigurationReference = D2B68FA353309425B5983DDF /* Pods-flickr-flickrUITests.release.xcconfig */;
			buildSettings = {
				ALWAYS_EMBED_SWIFT_STANDARD_LIBRARIES = YES;
				CODE_SIGN_STYLE = Automatic;
				CURRENT_PROJECT_VERSION = 1;
				GENERATE_INFOPLIST_FILE = YES;
				LD_RUNPATH_SEARCH_PATHS = (
					"$(inherited)",
					"@executable_path/Frameworks",
					"@loader_path/Frameworks",
				);
				MARKETING_VERSION = 1.0;
				PRODUCT_BUNDLE_IDENTIFIER = com.mobiquity.flickr.flickrUITests;
				PRODUCT_NAME = "$(TARGET_NAME)";
				SWIFT_EMIT_LOC_STRINGS = NO;
				SWIFT_VERSION = 5.0;
				TARGETED_DEVICE_FAMILY = "1,2";
				TEST_TARGET_NAME = flickr;
			};
			name = Release;
		};
/* End XCBuildConfiguration section */

/* Begin XCConfigurationList section */
		320593CC2722FF120058529E /* Build configuration list for PBXProject "flickr" */ = {
			isa = XCConfigurationList;
			buildConfigurations = (
				320593F92722FF140058529E /* Debug */,
				320593FA2722FF140058529E /* Release */,
			);
			defaultConfigurationIsVisible = 0;
			defaultConfigurationName = Release;
		};
		320593FB2722FF140058529E /* Build configuration list for PBXNativeTarget "flickr" */ = {
			isa = XCConfigurationList;
			buildConfigurations = (
				320593FC2722FF140058529E /* Debug */,
				320593FD2722FF140058529E /* Release */,
			);
			defaultConfigurationIsVisible = 0;
			defaultConfigurationName = Release;
		};
		320593FE2722FF140058529E /* Build configuration list for PBXNativeTarget "flickrTests" */ = {
			isa = XCConfigurationList;
			buildConfigurations = (
				320593FF2722FF140058529E /* Debug */,
				320594002722FF140058529E /* Release */,
			);
			defaultConfigurationIsVisible = 0;
			defaultConfigurationName = Release;
		};
		320594012722FF140058529E /* Build configuration list for PBXNativeTarget "flickrUITests" */ = {
			isa = XCConfigurationList;
			buildConfigurations = (
				320594022722FF140058529E /* Debug */,
				320594032722FF140058529E /* Release */,
			);
			defaultConfigurationIsVisible = 0;
			defaultConfigurationName = Release;
		};
/* End XCConfigurationList section */
	};
	rootObject = 320593C92722FF120058529E /* Project object */;
}
